
Microsoft Visual Studio Solution File, Format Version 12.00
# Visual Studio 15
VisualStudioVersion = 15.0.26228.9
MinimumVisualStudioVersion = 10.0.40219.1
Project("{FAE04EC0-301F-11D3-BF4B-00C04F79EFBC}") = "Codility", "Codility\Codility.csproj", "{D20CAA0F-7B7F-47DE-81FF-81369A227A24}"
EndProject
Project("{FAE04EC0-301F-11D3-BF4B-00C04F79EFBC}") = "Codility.Tests", "Codility.Tests\Codility.Tests.csproj", "{F76A9967-BD14-471B-8578-B43AA798F55D}"
EndProject
Project("{FAE04EC0-301F-11D3-BF4B-00C04F79EFBC}") = "Codility.Console", "Codility.Console\Codility.Console.csproj", "{55B25A9F-E277-4D24-82B3-4E8EA735F003}"
EndProject
Project("{FAE04EC0-301F-11D3-BF4B-00C04F79EFBC}") = "Codility.Real", "Codility.Real\Codility.Real.csproj", "{6018E0FE-7EF6-4FDF-90C3-975E6B741B22}"
EndProject
Global
	GlobalSection(SolutionConfigurationPlatforms) = preSolution
		Debug|Any CPU = Debug|Any CPU
		Release|Any CPU = Release|Any CPU
	EndGlobalSection
	GlobalSection(ProjectConfigurationPlatforms) = postSolution
		{D20CAA0F-7B7F-47DE-81FF-81369A227A24}.Debug|Any CPU.ActiveCfg = Debug|Any CPU
		{D20CAA0F-7B7F-47DE-81FF-81369A227A24}.Debug|Any CPU.Build.0 = Debug|Any CPU
		{D20CAA0F-7B7F-47DE-81FF-81369A227A24}.Release|Any CPU.ActiveCfg = Release|Any CPU
		{D20CAA0F-7B7F-47DE-81FF-81369A227A24}.Release|Any CPU.Build.0 = Release|Any CPU
		{F76A9967-BD14-471B-8578-B43AA798F55D}.Debug|Any CPU.ActiveCfg = Debug|Any CPU
		{F76A9967-BD14-471B-8578-B43AA798F55D}.Debug|Any CPU.Build.0 = Debug|Any CPU
		{F76A9967-BD14-471B-8578-B43AA798F55D}.Release|Any CPU.ActiveCfg = Release|Any CPU
		{F76A9967-BD14-471B-8578-B43AA798F55D}.Release|Any CPU.Build.0 = Release|Any CPU
		{55B25A9F-E277-4D24-82B3-4E8EA735F003}.Debug|Any CPU.ActiveCfg = Debug|Any CPU
		{55B25A9F-E277-4D24-82B3-4E8EA735F003}.Debug|Any CPU.Build.0 = Debug|Any CPU
		{55B25A9F-E277-4D24-82B3-4E8EA735F003}.Release|Any CPU.ActiveCfg = Release|Any CPU
		{55B25A9F-E277-4D24-82B3-4E8EA735F003}.Release|Any CPU.Build.0 = Release|Any CPU
		{6018E0FE-7EF6-4FDF-90C3-975E6B741B22}.Debug|Any CPU.ActiveCfg = Debug|Any CPU
		{6018E0FE-7EF6-4FDF-90C3-975E6B741B22}.Debug|Any CPU.Build.0 = Debug|Any CPU
		{6018E0FE-7EF6-4FDF-90C3-975E6B741B22}.Release|Any CPU.ActiveCfg = Release|Any CPU
		{6018E0FE-7EF6-4FDF-90C3-975E6B741B22}.Release|Any CPU.Build.0 = Release|Any CPU
	EndGlobalSection
	GlobalSection(SolutionProperties) = preSolution
		HideSolutionNode = FALSE
	EndGlobalSection
EndGlobal
